
Microsoft Visual Studio Solution File, Format Version 12.00
# Visual Studio Version 16
VisualStudioVersion = 16.0.30413.136
MinimumVisualStudioVersion = 10.0.40219.1
Project("{FAE04EC0-301F-11D3-BF4B-00C04F79EFBC}") = "BankEncapsulation", "BankEncapsulation\BankEncapsulation.csproj", "{8F2A7E53-6D47-4D7E-99F8-82C70C7E5CFA}"
EndProject
Global
	GlobalSection(SolutionConfigurationPlatforms) = preSolution
		Debug|Any CPU = Debug|Any CPU
		Release|Any CPU = Release|Any CPU
	EndGlobalSection
	GlobalSection(ProjectConfigurationPlatforms) = postSolution
		{8F2A7E53-6D47-4D7E-99F8-82C70C7E5CFA}.Debug|Any CPU.ActiveCfg = Debug|Any CPU
		{8F2A7E53-6D47-4D7E-99F8-82C70C7E5CFA}.Debug|Any CPU.Build.0 = Debug|Any CPU
		{8F2A7E53-6D47-4D7E-99F8-82C70C7E5CFA}.Release|Any CPU.ActiveCfg = Release|Any CPU
		{8F2A7E53-6D47-4D7E-99F8-82C70C7E5CFA}.Release|Any CPU.Build.0 = Release|Any CPU
	EndGlobalSection
	GlobalSection(SolutionProperties) = preSolution
		HideSolutionNode = FALSE
	EndGlobalSection
	GlobalSection(ExtensibilityGlobals) = postSolution
		SolutionGuid = {5FCCC1D3-AD10-4DF1-AD2A-1DB1D83CAC3F}
	EndGlobalSection
EndGlobal
